
Microsoft Visual Studio Solution File, Format Version 12.00
# Visual Studio Version 16
VisualStudioVersion = 16.0.29709.97
MinimumVisualStudioVersion = 10.0.40219.1
Project("{9A19103F-16F7-4668-BE54-9A1E7A4F7556}") = "CryptoTradeBot.WebHost", "CryptoTradeBot\CryptoTradeBot.WebHost.csproj", "{DD782ECA-B537-402F-A970-68886CC2368D}"
EndProject
Project("{9A19103F-16F7-4668-BE54-9A1E7A4F7556}") = "CryptoTradeBot.Infrastructure", "CryptoTradeBot.Infrastructure\CryptoTradeBot.Infrastructure.csproj", "{8E0745C8-5592-47C5-9972-23B255D5280E}"
EndProject
Project("{9A19103F-16F7-4668-BE54-9A1E7A4F7556}") = "Websocket.Client", "websocket-client\src\Websocket.Client\Websocket.Client.csproj", "{2D0F3619-C092-4403-8206-83EB02465479}"
EndProject
Project("{9A19103F-16F7-4668-BE54-9A1E7A4F7556}") = "CryptoTradeBot.Simulation", "CryptoTradeBot.Simulation\CryptoTradeBot.Simulation.csproj", "{D281C798-594A-4CD6-AB64-4E304EF86D7E}"
EndProject
Project("{FAE04EC0-301F-11D3-BF4B-00C04F79EFBC}") = "CryptoTradeBot.DownloadMarketData", "CryptoTradeBot.DownloadMarketData\CryptoTradeBot.DownloadMarketData.csproj", "{351F07AD-B3C1-4B83-9248-15B709603055}"
EndProject
Global
	GlobalSection(SolutionConfigurationPlatforms) = preSolution
		Debug|Any CPU = Debug|Any CPU
		Release|Any CPU = Release|Any CPU
	EndGlobalSection
	GlobalSection(ProjectConfigurationPlatforms) = postSolution
		{DD782ECA-B537-402F-A970-68886CC2368D}.Debug|Any CPU.ActiveCfg = Debug|Any CPU
		{DD782ECA-B537-402F-A970-68886CC2368D}.Debug|Any CPU.Build.0 = Debug|Any CPU
		{DD782ECA-B537-402F-A970-68886CC2368D}.Release|Any CPU.ActiveCfg = Release|Any CPU
		{DD782ECA-B537-402F-A970-68886CC2368D}.Release|Any CPU.Build.0 = Release|Any CPU
		{8E0745C8-5592-47C5-9972-23B255D5280E}.Debug|Any CPU.ActiveCfg = Debug|Any CPU
		{8E0745C8-5592-47C5-9972-23B255D5280E}.Debug|Any CPU.Build.0 = Debug|Any CPU
		{8E0745C8-5592-47C5-9972-23B255D5280E}.Release|Any CPU.ActiveCfg = Release|Any CPU
		{8E0745C8-5592-47C5-9972-23B255D5280E}.Release|Any CPU.Build.0 = Release|Any CPU
		{2D0F3619-C092-4403-8206-83EB02465479}.Debug|Any CPU.ActiveCfg = Debug|Any CPU
		{2D0F3619-C092-4403-8206-83EB02465479}.Debug|Any CPU.Build.0 = Debug|Any CPU
		{2D0F3619-C092-4403-8206-83EB02465479}.Release|Any CPU.ActiveCfg = Release|Any CPU
		{2D0F3619-C092-4403-8206-83EB02465479}.Release|Any CPU.Build.0 = Release|Any CPU
		{D281C798-594A-4CD6-AB64-4E304EF86D7E}.Debug|Any CPU.ActiveCfg = Debug|Any CPU
		{D281C798-594A-4CD6-AB64-4E304EF86D7E}.Debug|Any CPU.Build.0 = Debug|Any CPU
		{D281C798-594A-4CD6-AB64-4E304EF86D7E}.Release|Any CPU.ActiveCfg = Release|Any CPU
		{D281C798-594A-4CD6-AB64-4E304EF86D7E}.Release|Any CPU.Build.0 = Release|Any CPU
		{351F07AD-B3C1-4B83-9248-15B709603055}.Debug|Any CPU.ActiveCfg = Debug|Any CPU
		{351F07AD-B3C1-4B83-9248-15B709603055}.Debug|Any CPU.Build.0 = Debug|Any CPU
		{351F07AD-B3C1-4B83-9248-15B709603055}.Release|Any CPU.ActiveCfg = Release|Any CPU
		{351F07AD-B3C1-4B83-9248-15B709603055}.Release|Any CPU.Build.0 = Release|Any CPU
	EndGlobalSection
	GlobalSection(SolutionProperties) = preSolution
		HideSolutionNode = FALSE
	EndGlobalSection
	GlobalSection(ExtensibilityGlobals) = postSolution
		SolutionGuid = {D5A3131C-16AE-4492-AEDD-17BF1CA4C4FC}
	EndGlobalSection
EndGlobal
